
Microsoft Visual Studio Solution File, Format Version 12.00
# Visual Studio Version 17
VisualStudioVersion = 17.10.34928.147
MinimumVisualStudioVersion = 10.0.40219.1
Project("{9A19103F-16F7-4668-BE54-9A1E7A4F7556}") = "BattleBot", "BattleBot\BattleBot.csproj", "{A006801F-C1F1-419D-BA61-2F748D241D6A}"
EndProject
Project("{9A19103F-16F7-4668-BE54-9A1E7A4F7556}") = "CrystalCrash", "CrystalCrash\CrystalCrash.csproj", "{1A8E8DC1-6771-4252-9046-FEEFC04C8BC5}"
EndProject
Project("{9A19103F-16F7-4668-BE54-9A1E7A4F7556}") = "Util", "Util\Util.csproj", "{3B5A94E1-207E-4DC4-8A61-E886753A784C}"
EndProject
Global
	GlobalSection(SolutionConfigurationPlatforms) = preSolution
		Debug|Any CPU = Debug|Any CPU
		Release|Any CPU = Release|Any CPU
	EndGlobalSection
	GlobalSection(ProjectConfigurationPlatforms) = postSolution
		{A006801F-C1F1-419D-BA61-2F748D241D6A}.Debug|Any CPU.ActiveCfg = Debug|Any CPU
		{A006801F-C1F1-419D-BA61-2F748D241D6A}.Debug|Any CPU.Build.0 = Debug|Any CPU
		{A006801F-C1F1-419D-BA61-2F748D241D6A}.Release|Any CPU.ActiveCfg = Release|Any CPU
		{A006801F-C1F1-419D-BA61-2F748D241D6A}.Release|Any CPU.Build.0 = Release|Any CPU
		{1A8E8DC1-6771-4252-9046-FEEFC04C8BC5}.Debug|Any CPU.ActiveCfg = Debug|Any CPU
		{1A8E8DC1-6771-4252-9046-FEEFC04C8BC5}.Debug|Any CPU.Build.0 = Debug|Any CPU
		{1A8E8DC1-6771-4252-9046-FEEFC04C8BC5}.Release|Any CPU.ActiveCfg = Release|Any CPU
		{1A8E8DC1-6771-4252-9046-FEEFC04C8BC5}.Release|Any CPU.Build.0 = Release|Any CPU
		{3B5A94E1-207E-4DC4-8A61-E886753A784C}.Debug|Any CPU.ActiveCfg = Debug|Any CPU
		{3B5A94E1-207E-4DC4-8A61-E886753A784C}.Debug|Any CPU.Build.0 = Debug|Any CPU
		{3B5A94E1-207E-4DC4-8A61-E886753A784C}.Release|Any CPU.ActiveCfg = Release|Any CPU
		{3B5A94E1-207E-4DC4-8A61-E886753A784C}.Release|Any CPU.Build.0 = Release|Any CPU
	EndGlobalSection
	GlobalSection(SolutionProperties) = preSolution
		HideSolutionNode = FALSE
	EndGlobalSection
	GlobalSection(ExtensibilityGlobals) = postSolution
		SolutionGuid = {A262B304-B5DD-4FB0-B28F-1AFC4B0326C3}
	EndGlobalSection
EndGlobal
